
Microsoft Visual Studio Solution File, Format Version 12.00
# Visual Studio Version 17
VisualStudioVersion = 17.3.32901.215
MinimumVisualStudioVersion = 10.0.40219.1
Project("{FAE04EC0-301F-11D3-BF4B-00C04F79EFBC}") = "SaxonHE11Net6XQuerySampleApp1", "SaxonHE11Net6XQuerySampleApp1.csproj", "{D725D532-028A-4182-9B78-25374AB39771}"
EndProject
Global
	GlobalSection(SolutionConfigurationPlatforms) = preSolution
		Debug|Any CPU = Debug|Any CPU
		Release|Any CPU = Release|Any CPU
	EndGlobalSection
	GlobalSection(ProjectConfigurationPlatforms) = postSolution
		{D725D532-028A-4182-9B78-25374AB39771}.Debug|Any CPU.ActiveCfg = Debug|Any CPU
		{D725D532-028A-4182-9B78-25374AB39771}.Debug|Any CPU.Build.0 = Debug|Any CPU
		{D725D532-028A-4182-9B78-25374AB39771}.Release|Any CPU.ActiveCfg = Release|Any CPU
		{D725D532-028A-4182-9B78-25374AB39771}.Release|Any CPU.Build.0 = Release|Any CPU
	EndGlobalSection
	GlobalSection(SolutionProperties) = preSolution
		HideSolutionNode = FALSE
	EndGlobalSection
	GlobalSection(ExtensibilityGlobals) = postSolution
		SolutionGuid = {E8EA64DA-1A12-4427-BC8A-8ABBD299873C}
	EndGlobalSection
EndGlobal
